
Microsoft Visual Studio Solution File, Format Version 12.00
# Visual Studio Version 17
VisualStudioVersion = 17.0.31912.275
MinimumVisualStudioVersion = 10.0.40219.1
Project("{FAE04EC0-301F-11D3-BF4B-00C04F79EFBC}") = "Asiment", "Asiment\Asiment.csproj", "{3807357D-6657-4365-9F35-F4E68375A1A1}"
EndProject
Global
	GlobalSection(SolutionConfigurationPlatforms) = preSolution
		Debug|Any CPU = Debug|Any CPU
		Release|Any CPU = Release|Any CPU
	EndGlobalSection
	GlobalSection(ProjectConfigurationPlatforms) = postSolution
		{3807357D-6657-4365-9F35-F4E68375A1A1}.Debug|Any CPU.ActiveCfg = Debug|Any CPU
		{3807357D-6657-4365-9F35-F4E68375A1A1}.Debug|Any CPU.Build.0 = Debug|Any CPU
		{3807357D-6657-4365-9F35-F4E68375A1A1}.Release|Any CPU.ActiveCfg = Release|Any CPU
		{3807357D-6657-4365-9F35-F4E68375A1A1}.Release|Any CPU.Build.0 = Release|Any CPU
	EndGlobalSection
	GlobalSection(SolutionProperties) = preSolution
		HideSolutionNode = FALSE
	EndGlobalSection
	GlobalSection(ExtensibilityGlobals) = postSolution
		SolutionGuid = {4EC41407-A76B-4B6D-8644-390A240D9DD8}
	EndGlobalSection
EndGlobal
